{
  "name": "net_js01",
  "version": "1.0.0",
  "lockfileVersion": 3,
  "requires": true,
  "packages": {
    "": {
      "name": "net_js01",
      "version": "1.0.0",
      "license": "ISC",
      "devDependencies": {
        "@mages-py/ajs": "^1.0.0"
      }
    },
    "node_modules/@mages-py/ajs": {
      "version": "1.0.0",
      "resolved": "https://npm.pkg.github.com/download/@mages-py/ajs/1.0.0/f0789ce07996a27df1ac69e2ff3b32d85cfe5b2b",
      "integrity": "sha512-cFpGpAEIvqclBPrGTYAsP6hnH+wicbvLr/vCYnj7YVra7DFKFH0yqye/1LqAFGI69yw2EaNiRjqzWfGuOgloHQ==",
      "dev": true,
      "license": "ISC"
    }
  }
}
